
Microsoft Visual Studio Solution File, Format Version 12.00
# Visual Studio Version 17
VisualStudioVersion = 17.8.34330.188
MinimumVisualStudioVersion = 10.0.40219.1
Project("{F184B08F-C81C-45F6-A57F-5ABD9991F28F}") = "3DivMul", "3DivMul\3DivMul.vbproj", "{0D566621-6D18-40FD-867A-8FC336B51D7C}"
EndProject
Global
	GlobalSection(SolutionConfigurationPlatforms) = preSolution
		Debug|Any CPU = Debug|Any CPU
		Release|Any CPU = Release|Any CPU
	EndGlobalSection
	GlobalSection(ProjectConfigurationPlatforms) = postSolution
		{0D566621-6D18-40FD-867A-8FC336B51D7C}.Debug|Any CPU.ActiveCfg = Debug|Any CPU
		{0D566621-6D18-40FD-867A-8FC336B51D7C}.Debug|Any CPU.Build.0 = Debug|Any CPU
		{0D566621-6D18-40FD-867A-8FC336B51D7C}.Release|Any CPU.ActiveCfg = Release|Any CPU
		{0D566621-6D18-40FD-867A-8FC336B51D7C}.Release|Any CPU.Build.0 = Release|Any CPU
	EndGlobalSection
	GlobalSection(SolutionProperties) = preSolution
		HideSolutionNode = FALSE
	EndGlobalSection
	GlobalSection(ExtensibilityGlobals) = postSolution
		SolutionGuid = {3C17E0D8-4404-4E93-912E-B02B524147AF}
	EndGlobalSection
EndGlobal
